// !$*UTF8*$!
{
	archiveVersion = 1;
	classes = {
	};
	objectVersion = 50;
	objects = {

/* Begin PBXBuildFile section */
		1C4AC443248D6762008919BB /* statedictionary.plist in Resources */ = {isa = PBXBuildFile; fileRef = 1C4AC442248D6762008919BB /* statedictionary.plist */; };
		1C4AC446248D9A53008919BB /* crunch.wav in Resources */ = {isa = PBXBuildFile; fileRef = 1C4AC444248D9A53008919BB /* crunch.wav */; };
		1C4AC447248D9A53008919BB /* win.wav in Resources */ = {isa = PBXBuildFile; fileRef = 1C4AC445248D9A53008919BB /* win.wav */; };
		1CA6B632248CC6C700B8B575 /* AppDelegate.swift in Sources */ = {isa = PBXBuildFile; fileRef = 1CA6B631248CC6C700B8B575 /* AppDelegate.swift */; };
		1CA6B634248CC6C700B8B575 /* SceneDelegate.swift in Sources */ = {isa = PBXBuildFile; fileRef = 1CA6B633248CC6C700B8B575 /* SceneDelegate.swift */; };
		1CA6B636248CC6C700B8B575 /* ViewController.swift in Sources */ = {isa = PBXBuildFile; fileRef = 1CA6B635248CC6C700B8B575 /* ViewController.swift */; };
		1CA6B639248CC6C700B8B575 /* Main.storyboard in Resources */ = {isa = PBXBuildFile; fileRef = 1CA6B637248CC6C700B8B575 /* Main.storyboard */; };
		1CA6B63B248CC6C800B8B575 /* Assets.xcassets in Resources */ = {isa = PBXBuildFile; fileRef = 1CA6B63A248CC6C800B8B575 /* Assets.xcassets */; };
		1CA6B63E248CC6C800B8B575 /* LaunchScreen.storyboard in Resources */ = {isa = PBXBuildFile; fileRef = 1CA6B63C248CC6C800B8B575 /* LaunchScreen.storyboard */; };
		1CA6B646248CC77500B8B575 /* DatePickerViewController.swift in Sources */ = {isa = PBXBuildFile; fileRef = 1CA6B645248CC77500B8B575 /* DatePickerViewController.swift */; };
		1CA6B648248CC7C600B8B575 /* SingleComponentPickerViewController.swift in Sources */ = {isa = PBXBuildFile; fileRef = 1CA6B647248CC7C600B8B575 /* SingleComponentPickerViewController.swift */; };
		1CA6B64A248CC7EE00B8B575 /* DoubleComponentPickerViewController.swift in Sources */ = {isa = PBXBuildFile; fileRef = 1CA6B649248CC7EE00B8B575 /* DoubleComponentPickerViewController.swift */; };
		1CA6B64C248CC80D00B8B575 /* DependentComponentPickerViewController.swift in Sources */ = {isa = PBXBuildFile; fileRef = 1CA6B64B248CC80D00B8B575 /* DependentComponentPickerViewController.swift */; };
		1CA6B64E248CC81F00B8B575 /* CustomPickerViewController.swift in Sources */ = {isa = PBXBuildFile; fileRef = 1CA6B64D248CC81F00B8B575 /* CustomPickerViewController.swift */; };
/* End PBXBuildFile section */

/* Begin PBXFileReference section */
		1C4AC442248D6762008919BB /* statedictionary.plist */ = {isa = PBXFileReference; fileEncoding = 4; lastKnownFileType = text.plist.xml; path = statedictionary.plist; sourceTree = "<group>"; };
		1C4AC444248D9A53008919BB /* crunch.wav */ = {isa = PBXFileReference; lastKnownFileType = audio.wav; path = crunch.wav; sourceTree = "<group>"; };
		1C4AC445248D9A53008919BB /* win.wav */ = {isa = PBXFileReference; lastKnownFileType = audio.wav; path = win.wav; sourceTree = "<group>"; };
		1CA6B62E248CC6C700B8B575 /* Pickers.app */ = {isa = PBXFileReference; explicitFileType = wrapper.application; includeInIndex = 0; path = Pickers.app; sourceTree = BUILT_PRODUCTS_DIR; };
		1CA6B631248CC6C700B8B575 /* AppDelegate.swift */ = {isa = PBXFileReference; lastKnownFileType = sourcecode.swift; path = AppDelegate.swift; sourceTree = "<group>"; };
		1CA6B633248CC6C700B8B575 /* SceneDelegate.swift */ = {isa = PBXFileReference; lastKnownFileType = sourcecode.swift; path = SceneDelegate.swift; sourceTree = "<group>"; };
		1CA6B635248CC6C700B8B575 /* ViewController.swift */ = {isa = PBXFileReference; lastKnownFileType = sourcecode.swift; path = ViewController.swift; sourceTree = "<group>"; };
		1CA6B638248CC6C700B8B575 /* Base */ = {isa = PBXFileReference; lastKnownFileType = file.storyboard; name = Base; path = Base.lproj/Main.storyboard; sourceTree = "<group>"; };
		1CA6B63A248CC6C800B8B575 /* Assets.xcassets */ = {isa = PBXFileReference; lastKnownFileType = folder.assetcatalog; path = Assets.xcassets; sourceTree = "<group>"; };
		1CA6B63D248CC6C800B8B575 /* Base */ = {isa = PBXFileReference; lastKnownFileType = file.storyboard; name = Base; path = Base.lproj/LaunchScreen.storyboard; sourceTree = "<group>"; };
		1CA6B63F248CC6C800B8B575 /* Info.plist */ = {isa = PBXFileReference; lastKnownFileType = text.plist.xml; path = Info.plist; sourceTree = "<group>"; };
		1CA6B645248CC77500B8B575 /* DatePickerViewController.swift */ = {isa = PBXFileReference; lastKnownFileType = sourcecode.swift; path = DatePickerViewController.swift; sourceTree = "<group>"; };
		1CA6B647248CC7C600B8B575 /* SingleComponentPickerViewController.swift */ = {isa = PBXFileReference; lastKnownFileType = sourcecode.swift; path = SingleComponentPickerViewController.swift; sourceTree = "<group>"; };
		1CA6B649248CC7EE00B8B575 /* DoubleComponentPickerViewController.swift */ = {isa = PBXFileReference; lastKnownFileType = sourcecode.swift; path = DoubleComponentPickerViewController.swift; sourceTree = "<group>"; };
		1CA6B64B248CC80D00B8B575 /* DependentComponentPickerViewController.swift */ = {isa = PBXFileReference; lastKnownFileType = sourcecode.swift; path = DependentComponentPickerViewController.swift; sourceTree = "<group>"; };
		1CA6B64D248CC81F00B8B575 /* CustomPickerViewController.swift */ = {isa = PBXFileReference; lastKnownFileType = sourcecode.swift; path = CustomPickerViewController.swift; sourceTree = "<group>"; };
/* End PBXFileReference section */

/* Begin PBXFrameworksBuildPhase section */
		1CA6B62B248CC6C600B8B575 /* Frameworks */ = {
			isa = PBXFrameworksBuildPhase;
			buildActionMask = 2147483647;
			files = (
			);
			runOnlyForDeploymentPostprocessing = 0;
		};
/* End PBXFrameworksBuildPhase section */

/* Begin PBXGroup section */
		1CA6B625248CC6C600B8B575 = {
			isa = PBXGroup;
			children = (
				1CA6B630248CC6C700B8B575 /* Pickers */,
				1CA6B62F248CC6C700B8B575 /* Products */,
			);
			sourceTree = "<group>";
		};
		1CA6B62F248CC6C700B8B575 /* Products */ = {
			isa = PBXGroup;
			children = (
				1CA6B62E248CC6C700B8B575 /* Pickers.app */,
			);
			name = Products;
			sourceTree = "<group>";
		};
		1CA6B630248CC6C700B8B575 /* Pickers */ = {
			isa = PBXGroup;
			children = (
				1CA6B631248CC6C700B8B575 /* AppDelegate.swift */,
				1CA6B633248CC6C700B8B575 /* SceneDelegate.swift */,
				1CA6B635248CC6C700B8B575 /* ViewController.swift */,
				1CA6B645248CC77500B8B575 /* DatePickerViewController.swift */,
				1CA6B647248CC7C600B8B575 /* SingleComponentPickerViewController.swift */,
				1CA6B649248CC7EE00B8B575 /* DoubleComponentPickerViewController.swift */,
				1CA6B64B248CC80D00B8B575 /* DependentComponentPickerViewController.swift */,
				1CA6B64D248CC81F00B8B575 /* CustomPickerViewController.swift */,
				1CA6B637248CC6C700B8B575 /* Main.storyboard */,
				1CA6B63A248CC6C800B8B575 /* Assets.xcassets */,
				1CA6B63C248CC6C800B8B575 /* LaunchScreen.storyboard */,
				1CA6B63F248CC6C800B8B575 /* Info.plist */,
				1C4AC442248D6762008919BB /* statedictionary.plist */,
				1C4AC444248D9A53008919BB /* crunch.wav */,
				1C4AC445248D9A53008919BB /* win.wav */,
			);
			path = Pickers;
			sourceTree = "<group>";
		};
/* End PBXGroup section */

/* Begin PBXNativeTarget section */
		1CA6B62D248CC6C600B8B575 /* Pickers */ = {
			isa = PBXNativeTarget;
			buildConfigurationList = 1CA6B642248CC6C800B8B575 /* Build configuration list for PBXNativeTarget "Pickers" */;
			buildPhases = (
				1CA6B62A248CC6C600B8B575 /* Sources */,
				1CA6B62B248CC6C600B8B575 /* Frameworks */,
				1CA6B62C248CC6C600B8B575 /* Resources */,
			);
			buildRules = (
			);
			dependencies = (
			);
			name = Pickers;
			productName = Pickers;
			productReference = 1CA6B62E248CC6C700B8B575 /* Pickers.app */;
			productType = "com.apple.product-type.application";
		};
/* End PBXNativeTarget section */

/* Begin PBXProject section */
		1CA6B626248CC6C600B8B575 /* Project object */ = {
			isa = PBXProject;
			attributes = {
				LastSwiftUpdateCheck = 1150;
				LastUpgradeCheck = 1150;
				ORGANIZATIONNAME = "Artsiom Sakratar";
				TargetAttributes = {
					1CA6B62D248CC6C600B8B575 = {
						CreatedOnToolsVersion = 11.5;
					};
				};
			};
			buildConfigurationList = 1CA6B629248CC6C600B8B575 /* Build configuration list for PBXProject "Pickers" */;
			compatibilityVersion = "Xcode 9.3";
			developmentRegion = en;
			hasScannedForEncodings = 0;
			knownRegions = (
				en,
				Base,
			);
			mainGroup = 1CA6B625248CC6C600B8B575;
			productRefGroup = 1CA6B62F248CC6C700B8B575 /* Products */;
			projectDirPath = "";
			projectRoot = "";
			targets = (
				1CA6B62D248CC6C600B8B575 /* Pickers */,
			);
		};
/* End PBXProject section */

/* Begin PBXResourcesBuildPhase section */
		1CA6B62C248CC6C600B8B575 /* Resources */ = {
			isa = PBXResourcesBuildPhase;
			buildActionMask = 2147483647;
			files = (
				1C4AC446248D9A53008919BB /* crunch.wav in Resources */,
				1CA6B63E248CC6C800B8B575 /* LaunchScreen.storyboard in Resources */,
				1CA6B63B248CC6C800B8B575 /* Assets.xcassets in Resources */,
				1C4AC447248D9A53008919BB /* win.wav in Resources */,
				1C4AC443248D6762008919BB /* statedictionary.plist in Resources */,
				1CA6B639248CC6C700B8B575 /* Main.storyboard in Resources */,
			);
			runOnlyForDeploymentPostprocessing = 0;
		};
/* End PBXResourcesBuildPhase section */

/* Begin PBXSourcesBuildPhase section */
		1CA6B62A248CC6C600B8B575 /* Sources */ = {
			isa = PBXSourcesBuildPhase;
			buildActionMask = 2147483647;
			files = (
				1CA6B646248CC77500B8B575 /* DatePickerViewController.swift in Sources */,
				1CA6B636248CC6C700B8B575 /* ViewController.swift in Sources */,
				1CA6B632248CC6C700B8B575 /* AppDelegate.swift in Sources */,
				1CA6B64A248CC7EE00B8B575 /* DoubleComponentPickerViewController.swift in Sources */,
				1CA6B64C248CC80D00B8B575 /* DependentComponentPickerViewController.swift in Sources */,
				1CA6B648248CC7C600B8B575 /* SingleComponentPickerViewController.swift in Sources */,
				1CA6B64E248CC81F00B8B575 /* CustomPickerViewController.swift in Sources */,
				1CA6B634248CC6C700B8B575 /* SceneDelegate.swift in Sources */,
			);
			runOnlyForDeploymentPostprocessing = 0;
		};
/* End PBXSourcesBuildPhase section */

/* Begin PBXVariantGroup section */
		1CA6B637248CC6C700B8B575 /* Main.storyboard */ = {
			isa = PBXVariantGroup;
			children = (
				1CA6B638248CC6C700B8B575 /* Base */,
			);
			name = Main.storyboard;
			sourceTree = "<group>";
		};
		1CA6B63C248CC6C800B8B575 /* LaunchScreen.storyboard */ = {
			isa = PBXVariantGroup;
			children = (
				1CA6B63D248CC6C800B8B575 /* Base */,
			);
			name = LaunchScreen.storyboard;
			sourceTree = "<group>";
		};
/* End PBXVariantGroup section */

/* Begin XCBuildConfiguration section */
		1CA6B640248CC6C800B8B575 /* Debug */ = {
			isa = XCBuildConfiguration;
			buildSettings = {
				ALWAYS_SEARCH_USER_PATHS = NO;
				CLANG_ANALYZER_NONNULL = YES;
				CLANG_ANALYZER_NUMBER_OBJECT_CONVERSION = YES_AGGRESSIVE;
				CLANG_CXX_LANGUAGE_STANDARD = "gnu++14";
				CLANG_CXX_LIBRARY = "libc++";
				CLANG_ENABLE_MODULES = YES;
				CLANG_ENABLE_OBJC_ARC = YES;
				CLANG_ENABLE_OBJC_WEAK = YES;
				CLANG_WARN_BLOCK_CAPTURE_AUTORELEASING = YES;
				CLANG_WARN_BOOL_CONVERSION = YES;
				CLANG_WARN_COMMA = YES;
				CLANG_WARN_CONSTANT_CONVERSION = YES;
				CLANG_WARN_DEPRECATED_OBJC_IMPLEMENTATIONS = YES;
				CLANG_WARN_DIRECT_OBJC_ISA_USAGE = YES_ERROR;
				CLANG_WARN_DOCUMENTATION_COMMENTS = YES;
				CLANG_WARN_EMPTY_BODY = YES;
				CLANG_WARN_ENUM_CONVERSION = YES;
				CLANG_WARN_INFINITE_RECURSION = YES;
				CLANG_WARN_INT_CONVERSION = YES;
				CLANG_WARN_NON_LITERAL_NULL_CONVERSION = YES;
				CLANG_WARN_OBJC_IMPLICIT_RETAIN_SELF = YES;
				CLANG_WARN_OBJC_LITERAL_CONVERSION = YES;
				CLANG_WARN_OBJC_ROOT_CLASS = YES_ERROR;
				CLANG_WARN_RANGE_LOOP_ANALYSIS = YES;
				CLANG_WARN_STRICT_PROTOTYPES = YES;
				CLANG_WARN_SUSPICIOUS_MOVE = YES;
				CLANG_WARN_UNGUARDED_AVAILABILITY = YES_AGGRESSIVE;
				CLANG_WARN_UNREACHABLE_CODE = YES;
				CLANG_WARN__DUPLICATE_METHOD_MATCH = YES;
				COPY_PHASE_STRIP = NO;
				DEBUG_INFORMATION_FORMAT = dwarf;
				ENABLE_STRICT_OBJC_MSGSEND = YES;
				ENABLE_TESTABILITY = YES;
				GCC_C_LANGUAGE_STANDARD = gnu11;
				GCC_DYNAMIC_NO_PIC = NO;
				GCC_NO_COMMON_BLOCKS = YES;
				GCC_OPTIMIZATION_LEVEL = 0;
				GCC_PREPROCESSOR_DEFINITIONS = (
					"DEBUG=1",
					"$(inherited)",
				);
				GCC_WARN_64_TO_32_BIT_CONVERSION = YES;
				GCC_WARN_ABOUT_RETURN_TYPE = YES_ERROR;
				GCC_WARN_UNDECLARED_SELECTOR = YES;
				GCC_WARN_UNINITIALIZED_AUTOS = YES_AGGRESSIVE;
				GCC_WARN_UNUSED_FUNCTION = YES;
				GCC_WARN_UNUSED_VARIABLE = YES;
				IPHONEOS_DEPLOYMENT_TARGET = 13.5;
				MTL_ENABLE_DEBUG_INFO = INCLUDE_SOURCE;
				MTL_FAST_MATH = YES;
				ONLY_ACTIVE_ARCH = YES;
				SDKROOT = iphoneos;
				SWIFT_ACTIVE_COMPILATION_CONDITIONS = DEBUG;
				SWIFT_OPTIMIZATION_LEVEL = "-Onone";
			};
			name = Debug;
		};
		1CA6B641248CC6C800B8B575 /* Release */ = {
			isa = XCBuildConfiguration;
			buildSettings = {
				ALWAYS_SEARCH_USER_PATHS = NO;
				CLANG_ANALYZER_NONNULL = YES;
				CLANG_ANALYZER_NUMBER_OBJECT_CONVERSION = YES_AGGRESSIVE;
				CLANG_CXX_LANGUAGE_STANDARD = "gnu++14";
				CLANG_CXX_LIBRARY = "libc++";
				CLANG_ENABLE_MODULES = YES;
				CLANG_ENABLE_OBJC_ARC = YES;
				CLANG_ENABLE_OBJC_WEAK = YES;
				CLANG_WARN_BLOCK_CAPTURE_AUTORELEASING = YES;
				CLANG_WARN_BOOL_CONVERSION = YES;
				CLANG_WARN_COMMA = YES;
				CLANG_WARN_CONSTANT_CONVERSION = YES;
				CLANG_WARN_DEPRECATED_OBJC_IMPLEMENTATIONS = YES;
				CLANG_WARN_DIRECT_OBJC_ISA_USAGE = YES_ERROR;
				CLANG_WARN_DOCUMENTATION_COMMENTS = YES;
				CLANG_WARN_EMPTY_BODY = YES;
				CLANG_WARN_ENUM_CONVERSION = YES;
				CLANG_WARN_INFINITE_RECURSION = YES;
				CLANG_WARN_INT_CONVERSION = YES;
				CLANG_WARN_NON_LITERAL_NULL_CONVERSION = YES;
				CLANG_WARN_OBJC_IMPLICIT_RETAIN_SELF = YES;
				CLANG_WARN_OBJC_LITERAL_CONVERSION = YES;
				CLANG_WARN_OBJC_ROOT_CLASS = YES_ERROR;
				CLANG_WARN_RANGE_LOOP_ANALYSIS = YES;
				CLANG_WARN_STRICT_PROTOTYPES = YES;
				CLANG_WARN_SUSPICIOUS_MOVE = YES;
				CLANG_WARN_UNGUARDED_AVAILABILITY = YES_AGGRESSIVE;
				CLANG_WARN_UNREACHABLE_CODE = YES;
				CLANG_WARN__DUPLICATE_METHOD_MATCH = YES;
				COPY_PHASE_STRIP = NO;
				DEBUG_INFORMATION_FORMAT = "dwarf-with-dsym";
				ENABLE_NS_ASSERTIONS = NO;
				ENABLE_STRICT_OBJC_MSGSEND = YES;
				GCC_C_LANGUAGE_STANDARD = gnu11;
				GCC_NO_COMMON_BLOCKS = YES;
				GCC_WARN_64_TO_32_BIT_CONVERSION = YES;
				GCC_WARN_ABOUT_RETURN_TYPE = YES_ERROR;
				GCC_WARN_UNDECLARED_SELECTOR = YES;
				GCC_WARN_UNINITIALIZED_AUTOS = YES_AGGRESSIVE;
				GCC_WARN_UNUSED_FUNCTION = YES;
				GCC_WARN_UNUSED_VARIABLE = YES;
				IPHONEOS_DEPLOYMENT_TARGET = 13.5;
				MTL_ENABLE_DEBUG_INFO = NO;
				MTL_FAST_MATH = YES;
				SDKROOT = iphoneos;
				SWIFT_COMPILATION_MODE = wholemodule;
				SWIFT_OPTIMIZATION_LEVEL = "-O";
				VALIDATE_PRODUCT = YES;
			};
			name = Release;
		};
		1CA6B643248CC6C800B8B575 /* Debug */ = {
			isa = XCBuildConfiguration;
			buildSettings = {
				ASSETCATALOG_COMPILER_APPICON_NAME = AppIcon;
				CODE_SIGN_STYLE = Automatic;
				DEVELOPMENT_TEAM = A7V2TPBL24;
				INFOPLIST_FILE = Pickers/Info.plist;
				LD_RUNPATH_SEARCH_PATHS = (
					"$(inherited)",
					"@executable_path/Frameworks",
				);
				PRODUCT_BUNDLE_IDENTIFIER = by.sakratar.Pickers;
				PRODUCT_NAME = "$(TARGET_NAME)";
				SWIFT_VERSION = 5.0;
				TARGETED_DEVICE_FAMILY = "1,2";
			};
			name = Debug;
		};
		1CA6B644248CC6C800B8B575 /* Release */ = {
			isa = XCBuildConfiguration;
			buildSettings = {
				ASSETCATALOG_COMPILER_APPICON_NAME = AppIcon;
				CODE_SIGN_STYLE = Automatic;
				DEVELOPMENT_TEAM = A7V2TPBL24;
				INFOPLIST_FILE = Pickers/Info.plist;
				LD_RUNPATH_SEARCH_PATHS = (
					"$(inherited)",
					"@executable_path/Frameworks",
				);
				PRODUCT_BUNDLE_IDENTIFIER = by.sakratar.Pickers;
				PRODUCT_NAME = "$(TARGET_NAME)";
				SWIFT_VERSION = 5.0;
				TARGETED_DEVICE_FAMILY = "1,2";
			};
			name = Release;
		};
/* End XCBuildConfiguration section */

/* Begin XCConfigurationList section */
		1CA6B629248CC6C600B8B575 /* Build configuration list for PBXProject "Pickers" */ = {
			isa = XCConfigurationList;
			buildConfigurations = (
				1CA6B640248CC6C800B8B575 /* Debug */,
				1CA6B641248CC6C800B8B575 /* Release */,
			);
			defaultConfigurationIsVisible = 0;
			defaultConfigurationName = Release;
		};
		1CA6B642248CC6C800B8B575 /* Build configuration list for PBXNativeTarget "Pickers" */ = {
			isa = XCConfigurationList;
			buildConfigurations = (
				1CA6B643248CC6C800B8B575 /* Debug */,
				1CA6B644248CC6C800B8B575 /* Release */,
			);
			defaultConfigurationIsVisible = 0;
			defaultConfigurationName = Release;
		};
/* End XCConfigurationList section */
	};
	rootObject = 1CA6B626248CC6C600B8B575 /* Project object */;
}
